
Microsoft Visual Studio Solution File, Format Version 12.00
# Visual Studio Version 17
VisualStudioVersion = 17.0.31903.59
MinimumVisualStudioVersion = 10.0.40219.1
Project("{2150E333-8FDC-42A3-9474-1A3956D46DE8}") = "src", "src", "{881AD9F1-A044-4FAD-AF52-A1D89C937527}"
EndProject
Project("{FAE04EC0-301F-11D3-BF4B-00C04F79EFBC}") = "ParkWise.Contracts", "src\ParkWise.Contracts\ParkWise.Contracts.csproj", "{78CF4AD0-6E5E-471F-9CF2-DDB74EAC6BC5}"
EndProject
Project("{FAE04EC0-301F-11D3-BF4B-00C04F79EFBC}") = "ParkWise.Services", "src\ParkWise.Services\ParkWise.Services.csproj", "{9FD76348-6E93-43A8-829B-6EA4D36C67AB}"
EndProject
Project("{FAE04EC0-301F-11D3-BF4B-00C04F79EFBC}") = "ParkWise.Data", "src\ParkWise.Data\ParkWise.Data.csproj", "{D634C8D2-DF1E-4F7C-A548-B6D6D80C1DED}"
EndProject
Project("{FAE04EC0-301F-11D3-BF4B-00C04F79EFBC}") = "ParkWise.Api", "src\ParkWise.Api\ParkWise.Api.csproj", "{E54B8772-7219-49AE-B473-ABAD9CE7801F}"
EndProject
Project("{2150E333-8FDC-42A3-9474-1A3956D46DE8}") = "tests", "tests", "{AC535740-DBA0-48F7-98DA-F14B735114DD}"
EndProject
Project("{FAE04EC0-301F-11D3-BF4B-00C04F79EFBC}") = "ParkWise.UnitTests", "tests\ParkWise.UnitTests\ParkWise.UnitTests.csproj", "{892C2EC7-D72D-453D-8051-BE05E9400804}"
EndProject
Project("{FAE04EC0-301F-11D3-BF4B-00C04F79EFBC}") = "ParkWise.IntegrationTests", "tests\ParkWise.IntegrationTests\ParkWise.IntegrationTests.csproj", "{5A7C3E18-554A-4894-9B8A-A46F7746BE4D}"
EndProject
Global
	GlobalSection(SolutionConfigurationPlatforms) = preSolution
		Debug|Any CPU = Debug|Any CPU
		Release|Any CPU = Release|Any CPU
	EndGlobalSection
	GlobalSection(SolutionProperties) = preSolution
		HideSolutionNode = FALSE
	EndGlobalSection
	GlobalSection(ProjectConfigurationPlatforms) = postSolution
		{78CF4AD0-6E5E-471F-9CF2-DDB74EAC6BC5}.Debug|Any CPU.ActiveCfg = Debug|Any CPU
		{78CF4AD0-6E5E-471F-9CF2-DDB74EAC6BC5}.Debug|Any CPU.Build.0 = Debug|Any CPU
		{78CF4AD0-6E5E-471F-9CF2-DDB74EAC6BC5}.Release|Any CPU.ActiveCfg = Release|Any CPU
		{78CF4AD0-6E5E-471F-9CF2-DDB74EAC6BC5}.Release|Any CPU.Build.0 = Release|Any CPU
		{9FD76348-6E93-43A8-829B-6EA4D36C67AB}.Debug|Any CPU.ActiveCfg = Debug|Any CPU
		{9FD76348-6E93-43A8-829B-6EA4D36C67AB}.Debug|Any CPU.Build.0 = Debug|Any CPU
		{9FD76348-6E93-43A8-829B-6EA4D36C67AB}.Release|Any CPU.ActiveCfg = Release|Any CPU
		{9FD76348-6E93-43A8-829B-6EA4D36C67AB}.Release|Any CPU.Build.0 = Release|Any CPU
		{D634C8D2-DF1E-4F7C-A548-B6D6D80C1DED}.Debug|Any CPU.ActiveCfg = Debug|Any CPU
		{D634C8D2-DF1E-4F7C-A548-B6D6D80C1DED}.Debug|Any CPU.Build.0 = Debug|Any CPU
		{D634C8D2-DF1E-4F7C-A548-B6D6D80C1DED}.Release|Any CPU.ActiveCfg = Release|Any CPU
		{D634C8D2-DF1E-4F7C-A548-B6D6D80C1DED}.Release|Any CPU.Build.0 = Release|Any CPU
		{E54B8772-7219-49AE-B473-ABAD9CE7801F}.Debug|Any CPU.ActiveCfg = Debug|Any CPU
		{E54B8772-7219-49AE-B473-ABAD9CE7801F}.Debug|Any CPU.Build.0 = Debug|Any CPU
		{E54B8772-7219-49AE-B473-ABAD9CE7801F}.Release|Any CPU.ActiveCfg = Release|Any CPU
		{E54B8772-7219-49AE-B473-ABAD9CE7801F}.Release|Any CPU.Build.0 = Release|Any CPU
		{892C2EC7-D72D-453D-8051-BE05E9400804}.Debug|Any CPU.ActiveCfg = Debug|Any CPU
		{892C2EC7-D72D-453D-8051-BE05E9400804}.Debug|Any CPU.Build.0 = Debug|Any CPU
		{892C2EC7-D72D-453D-8051-BE05E9400804}.Release|Any CPU.ActiveCfg = Release|Any CPU
		{892C2EC7-D72D-453D-8051-BE05E9400804}.Release|Any CPU.Build.0 = Release|Any CPU
		{5A7C3E18-554A-4894-9B8A-A46F7746BE4D}.Debug|Any CPU.ActiveCfg = Debug|Any CPU
		{5A7C3E18-554A-4894-9B8A-A46F7746BE4D}.Debug|Any CPU.Build.0 = Debug|Any CPU
		{5A7C3E18-554A-4894-9B8A-A46F7746BE4D}.Release|Any CPU.ActiveCfg = Release|Any CPU
		{5A7C3E18-554A-4894-9B8A-A46F7746BE4D}.Release|Any CPU.Build.0 = Release|Any CPU
	EndGlobalSection
	GlobalSection(NestedProjects) = preSolution
		{78CF4AD0-6E5E-471F-9CF2-DDB74EAC6BC5} = {881AD9F1-A044-4FAD-AF52-A1D89C937527}
		{9FD76348-6E93-43A8-829B-6EA4D36C67AB} = {881AD9F1-A044-4FAD-AF52-A1D89C937527}
		{D634C8D2-DF1E-4F7C-A548-B6D6D80C1DED} = {881AD9F1-A044-4FAD-AF52-A1D89C937527}
		{E54B8772-7219-49AE-B473-ABAD9CE7801F} = {881AD9F1-A044-4FAD-AF52-A1D89C937527}
		{892C2EC7-D72D-453D-8051-BE05E9400804} = {AC535740-DBA0-48F7-98DA-F14B735114DD}
		{5A7C3E18-554A-4894-9B8A-A46F7746BE4D} = {AC535740-DBA0-48F7-98DA-F14B735114DD}
	EndGlobalSection
EndGlobal
