Microsoft Visual Studio Solution File, Format Version 12.00
# Visual Studio Version 17
VisualStudioVersion = 17.0.31903.59
MinimumVisualStudioVersion = 10.0.40219.1
Project("{9A19103F-16F7-4668-BE54-9A1E7A4F7556}") = "Fastcrc", "src\Fastcrc\Fastcrc.csproj", "{1E7A4B2C-8F3D-4A61-9C5E-2B7D0F1A3E90}"
EndProject
Project("{9A19103F-16F7-4668-BE54-9A1E7A4F7556}") = "Fastcrc.Tests", "tests\Fastcrc.Tests\Fastcrc.Tests.csproj", "{5C2D9E41-3B68-4F07-A2D9-8E1C6B4F7A32}"
EndProject
Global
	GlobalSection(SolutionConfigurationPlatforms) = preSolution
		Debug|Any CPU = Debug|Any CPU
		Release|Any CPU = Release|Any CPU
	EndGlobalSection
	GlobalSection(ProjectConfigurationPlatforms) = postSolution
		{1E7A4B2C-8F3D-4A61-9C5E-2B7D0F1A3E90}.Debug|Any CPU.ActiveCfg = Debug|Any CPU
		{1E7A4B2C-8F3D-4A61-9C5E-2B7D0F1A3E90}.Debug|Any CPU.Build.0 = Debug|Any CPU
		{1E7A4B2C-8F3D-4A61-9C5E-2B7D0F1A3E90}.Release|Any CPU.ActiveCfg = Release|Any CPU
		{1E7A4B2C-8F3D-4A61-9C5E-2B7D0F1A3E90}.Release|Any CPU.Build.0 = Release|Any CPU
		{5C2D9E41-3B68-4F07-A2D9-8E1C6B4F7A32}.Debug|Any CPU.ActiveCfg = Debug|Any CPU
		{5C2D9E41-3B68-4F07-A2D9-8E1C6B4F7A32}.Debug|Any CPU.Build.0 = Debug|Any CPU
		{5C2D9E41-3B68-4F07-A2D9-8E1C6B4F7A32}.Release|Any CPU.ActiveCfg = Release|Any CPU
		{5C2D9E41-3B68-4F07-A2D9-8E1C6B4F7A32}.Release|Any CPU.Build.0 = Release|Any CPU
	EndGlobalSection
	GlobalSection(SolutionProperties) = preSolution
		HideSolutionNode = FALSE
	EndGlobalSection
EndGlobal
