
Microsoft Visual Studio Solution File, Format Version 12.00
# Visual Studio Version 17
VisualStudioVersion = 17.0.31903.59
MinimumVisualStudioVersion = 10.0.40219.1
Project("{2150E333-8FDC-42A3-9474-1A3956D46DE8}") = "src", "src", "{D3ED6FA0-6513-4082-BD2F-81307A0B2DF7}"
EndProject
Project("{FAE04EC0-301F-11D3-BF4B-00C04F79EFBC}") = "ParkWise.Api", "src\ParkWise.Api\ParkWise.Api.csproj", "{E88FD83B-9911-42EB-953E-B276BC62C5C4}"
EndProject
Project("{FAE04EC0-301F-11D3-BF4B-00C04F79EFBC}") = "ParkWise.Contracts", "src\ParkWise.Contracts\ParkWise.Contracts.csproj", "{9F4E24AD-06CB-4EBE-BC21-59CF1BE358C4}"
EndProject
Project("{FAE04EC0-301F-11D3-BF4B-00C04F79EFBC}") = "ParkWise.Data", "src\ParkWise.Data\ParkWise.Data.csproj", "{55910E81-28FD-4F32-9D91-3E80B5EA2E93}"
EndProject
Project("{FAE04EC0-301F-11D3-BF4B-00C04F79EFBC}") = "ParkWise.Services", "src\ParkWise.Services\ParkWise.Services.csproj", "{976EA4D1-1A89-4078-8F7B-E52ECA97BB05}"
EndProject
Project("{2150E333-8FDC-42A3-9474-1A3956D46DE8}") = "tests", "tests", "{78666F90-399F-48FC-A8B0-E47855CAD99E}"
EndProject
Project("{FAE04EC0-301F-11D3-BF4B-00C04F79EFBC}") = "ParkWise.IntegrationTests", "tests\ParkWise.IntegrationTests\ParkWise.IntegrationTests.csproj", "{6BD0DA27-0464-4532-97B5-FD3C1BFA3DE7}"
EndProject
Project("{FAE04EC0-301F-11D3-BF4B-00C04F79EFBC}") = "ParkWise.UnitTests", "tests\ParkWise.UnitTests\ParkWise.UnitTests.csproj", "{A1EF9881-87A6-4EF7-B7F6-AA564C431E36}"
EndProject
Global
	GlobalSection(SolutionConfigurationPlatforms) = preSolution
		Debug|Any CPU = Debug|Any CPU
		Release|Any CPU = Release|Any CPU
	EndGlobalSection
	GlobalSection(SolutionProperties) = preSolution
		HideSolutionNode = FALSE
	EndGlobalSection
	GlobalSection(ProjectConfigurationPlatforms) = postSolution
		{E88FD83B-9911-42EB-953E-B276BC62C5C4}.Debug|Any CPU.ActiveCfg = Debug|Any CPU
		{E88FD83B-9911-42EB-953E-B276BC62C5C4}.Debug|Any CPU.Build.0 = Debug|Any CPU
		{E88FD83B-9911-42EB-953E-B276BC62C5C4}.Release|Any CPU.ActiveCfg = Release|Any CPU
		{E88FD83B-9911-42EB-953E-B276BC62C5C4}.Release|Any CPU.Build.0 = Release|Any CPU
		{9F4E24AD-06CB-4EBE-BC21-59CF1BE358C4}.Debug|Any CPU.ActiveCfg = Debug|Any CPU
		{9F4E24AD-06CB-4EBE-BC21-59CF1BE358C4}.Debug|Any CPU.Build.0 = Debug|Any CPU
		{9F4E24AD-06CB-4EBE-BC21-59CF1BE358C4}.Release|Any CPU.ActiveCfg = Release|Any CPU
		{9F4E24AD-06CB-4EBE-BC21-59CF1BE358C4}.Release|Any CPU.Build.0 = Release|Any CPU
		{55910E81-28FD-4F32-9D91-3E80B5EA2E93}.Debug|Any CPU.ActiveCfg = Debug|Any CPU
		{55910E81-28FD-4F32-9D91-3E80B5EA2E93}.Debug|Any CPU.Build.0 = Debug|Any CPU
		{55910E81-28FD-4F32-9D91-3E80B5EA2E93}.Release|Any CPU.ActiveCfg = Release|Any CPU
		{55910E81-28FD-4F32-9D91-3E80B5EA2E93}.Release|Any CPU.Build.0 = Release|Any CPU
		{976EA4D1-1A89-4078-8F7B-E52ECA97BB05}.Debug|Any CPU.ActiveCfg = Debug|Any CPU
		{976EA4D1-1A89-4078-8F7B-E52ECA97BB05}.Debug|Any CPU.Build.0 = Debug|Any CPU
		{976EA4D1-1A89-4078-8F7B-E52ECA97BB05}.Release|Any CPU.ActiveCfg = Release|Any CPU
		{976EA4D1-1A89-4078-8F7B-E52ECA97BB05}.Release|Any CPU.Build.0 = Release|Any CPU
		{6BD0DA27-0464-4532-97B5-FD3C1BFA3DE7}.Debug|Any CPU.ActiveCfg = Debug|Any CPU
		{6BD0DA27-0464-4532-97B5-FD3C1BFA3DE7}.Debug|Any CPU.Build.0 = Debug|Any CPU
		{6BD0DA27-0464-4532-97B5-FD3C1BFA3DE7}.Release|Any CPU.ActiveCfg = Release|Any CPU
		{6BD0DA27-0464-4532-97B5-FD3C1BFA3DE7}.Release|Any CPU.Build.0 = Release|Any CPU
		{A1EF9881-87A6-4EF7-B7F6-AA564C431E36}.Debug|Any CPU.ActiveCfg = Debug|Any CPU
		{A1EF9881-87A6-4EF7-B7F6-AA564C431E36}.Debug|Any CPU.Build.0 = Debug|Any CPU
		{A1EF9881-87A6-4EF7-B7F6-AA564C431E36}.Release|Any CPU.ActiveCfg = Release|Any CPU
		{A1EF9881-87A6-4EF7-B7F6-AA564C431E36}.Release|Any CPU.Build.0 = Release|Any CPU
	EndGlobalSection
	GlobalSection(NestedProjects) = preSolution
		{E88FD83B-9911-42EB-953E-B276BC62C5C4} = {D3ED6FA0-6513-4082-BD2F-81307A0B2DF7}
		{9F4E24AD-06CB-4EBE-BC21-59CF1BE358C4} = {D3ED6FA0-6513-4082-BD2F-81307A0B2DF7}
		{55910E81-28FD-4F32-9D91-3E80B5EA2E93} = {D3ED6FA0-6513-4082-BD2F-81307A0B2DF7}
		{976EA4D1-1A89-4078-8F7B-E52ECA97BB05} = {D3ED6FA0-6513-4082-BD2F-81307A0B2DF7}
		{6BD0DA27-0464-4532-97B5-FD3C1BFA3DE7} = {78666F90-399F-48FC-A8B0-E47855CAD99E}
		{A1EF9881-87A6-4EF7-B7F6-AA564C431E36} = {78666F90-399F-48FC-A8B0-E47855CAD99E}
	EndGlobalSection
EndGlobal
