Microsoft Visual Studio Solution File, Format Version 12.00
# Visual Studio Version 17
VisualStudioVersion = 17.0.31903.59
MinimumVisualStudioVersion = 10.0.40219.1
Project("{9A19103F-16F7-4668-BE54-9A1E7A4F7556}") = "Fastcrc", "src\Fastcrc\Fastcrc.csproj", "{878919F3-259E-4641-9D99-A38D64186C4B}"
EndProject
Project("{9A19103F-16F7-4668-BE54-9A1E7A4F7556}") = "Fastcrc.Tests", "tests\Fastcrc.Tests\Fastcrc.Tests.csproj", "{1F57DF2D-2083-4ECD-B958-B410A1E2D672}"
EndProject
Global
	GlobalSection(SolutionConfigurationPlatforms) = preSolution
		Debug|Any CPU = Debug|Any CPU
		Release|Any CPU = Release|Any CPU
	EndGlobalSection
	GlobalSection(ProjectConfigurationPlatforms) = postSolution
		{878919F3-259E-4641-9D99-A38D64186C4B}.Debug|Any CPU.ActiveCfg = Debug|Any CPU
		{878919F3-259E-4641-9D99-A38D64186C4B}.Debug|Any CPU.Build.0 = Debug|Any CPU
		{878919F3-259E-4641-9D99-A38D64186C4B}.Release|Any CPU.ActiveCfg = Release|Any CPU
		{878919F3-259E-4641-9D99-A38D64186C4B}.Release|Any CPU.Build.0 = Release|Any CPU
		{1F57DF2D-2083-4ECD-B958-B410A1E2D672}.Debug|Any CPU.ActiveCfg = Debug|Any CPU
		{1F57DF2D-2083-4ECD-B958-B410A1E2D672}.Debug|Any CPU.Build.0 = Debug|Any CPU
		{1F57DF2D-2083-4ECD-B958-B410A1E2D672}.Release|Any CPU.ActiveCfg = Release|Any CPU
		{1F57DF2D-2083-4ECD-B958-B410A1E2D672}.Release|Any CPU.Build.0 = Release|Any CPU
	EndGlobalSection
	GlobalSection(SolutionProperties) = preSolution
		HideSolutionNode = FALSE
	EndGlobalSection
EndGlobal
