
Microsoft Visual Studio Solution File, Format Version 12.00
# Visual Studio Version 17
VisualStudioVersion = 17.0.31903.59
MinimumVisualStudioVersion = 10.0.40219.1
Project("{2150E333-8FDC-42A3-9474-1A3956D46DE8}") = "src", "src", "{48D2FB9E-3687-4CF5-860F-6D8EE1F75094}"
EndProject
Project("{FAE04EC0-301F-11D3-BF4B-00C04F79EFBC}") = "ParkWise.Api", "src\ParkWise.Api\ParkWise.Api.csproj", "{BDED44FF-33C3-4024-9473-4D484AA8CA41}"
EndProject
Project("{FAE04EC0-301F-11D3-BF4B-00C04F79EFBC}") = "ParkWise.Services", "src\ParkWise.Services\ParkWise.Services.csproj", "{D0A00E5C-39E8-49B3-A5B3-F82F004768E9}"
EndProject
Project("{FAE04EC0-301F-11D3-BF4B-00C04F79EFBC}") = "ParkWise.Data", "src\ParkWise.Data\ParkWise.Data.csproj", "{B4ABC631-F799-46C3-B378-28E657424F62}"
EndProject
Project("{FAE04EC0-301F-11D3-BF4B-00C04F79EFBC}") = "ParkWise.Contracts", "src\ParkWise.Contracts\ParkWise.Contracts.csproj", "{C04674D2-FEB8-4292-B41B-2DB685F76328}"
EndProject
Project("{2150E333-8FDC-42A3-9474-1A3956D46DE8}") = "tests", "tests", "{44DEC24E-8F2D-4F48-8AAF-FB8713D777B5}"
EndProject
Project("{FAE04EC0-301F-11D3-BF4B-00C04F79EFBC}") = "ParkWise.UnitTests", "tests\ParkWise.UnitTests\ParkWise.UnitTests.csproj", "{043CB308-2D9C-4493-9B39-84B0200CA0A4}"
EndProject
Project("{FAE04EC0-301F-11D3-BF4B-00C04F79EFBC}") = "ParkWise.IntegrationTests", "tests\ParkWise.IntegrationTests\ParkWise.IntegrationTests.csproj", "{502DB099-7E44-44D6-85D7-74EE044AFB99}"
EndProject
Global
	GlobalSection(SolutionConfigurationPlatforms) = preSolution
		Debug|Any CPU = Debug|Any CPU
		Release|Any CPU = Release|Any CPU
	EndGlobalSection
	GlobalSection(SolutionProperties) = preSolution
		HideSolutionNode = FALSE
	EndGlobalSection
	GlobalSection(ProjectConfigurationPlatforms) = postSolution
		{BDED44FF-33C3-4024-9473-4D484AA8CA41}.Debug|Any CPU.ActiveCfg = Debug|Any CPU
		{BDED44FF-33C3-4024-9473-4D484AA8CA41}.Debug|Any CPU.Build.0 = Debug|Any CPU
		{BDED44FF-33C3-4024-9473-4D484AA8CA41}.Release|Any CPU.ActiveCfg = Release|Any CPU
		{BDED44FF-33C3-4024-9473-4D484AA8CA41}.Release|Any CPU.Build.0 = Release|Any CPU
		{D0A00E5C-39E8-49B3-A5B3-F82F004768E9}.Debug|Any CPU.ActiveCfg = Debug|Any CPU
		{D0A00E5C-39E8-49B3-A5B3-F82F004768E9}.Debug|Any CPU.Build.0 = Debug|Any CPU
		{D0A00E5C-39E8-49B3-A5B3-F82F004768E9}.Release|Any CPU.ActiveCfg = Release|Any CPU
		{D0A00E5C-39E8-49B3-A5B3-F82F004768E9}.Release|Any CPU.Build.0 = Release|Any CPU
		{B4ABC631-F799-46C3-B378-28E657424F62}.Debug|Any CPU.ActiveCfg = Debug|Any CPU
		{B4ABC631-F799-46C3-B378-28E657424F62}.Debug|Any CPU.Build.0 = Debug|Any CPU
		{B4ABC631-F799-46C3-B378-28E657424F62}.Release|Any CPU.ActiveCfg = Release|Any CPU
		{B4ABC631-F799-46C3-B378-28E657424F62}.Release|Any CPU.Build.0 = Release|Any CPU
		{C04674D2-FEB8-4292-B41B-2DB685F76328}.Debug|Any CPU.ActiveCfg = Debug|Any CPU
		{C04674D2-FEB8-4292-B41B-2DB685F76328}.Debug|Any CPU.Build.0 = Debug|Any CPU
		{C04674D2-FEB8-4292-B41B-2DB685F76328}.Release|Any CPU.ActiveCfg = Release|Any CPU
		{C04674D2-FEB8-4292-B41B-2DB685F76328}.Release|Any CPU.Build.0 = Release|Any CPU
		{043CB308-2D9C-4493-9B39-84B0200CA0A4}.Debug|Any CPU.ActiveCfg = Debug|Any CPU
		{043CB308-2D9C-4493-9B39-84B0200CA0A4}.Debug|Any CPU.Build.0 = Debug|Any CPU
		{043CB308-2D9C-4493-9B39-84B0200CA0A4}.Release|Any CPU.ActiveCfg = Release|Any CPU
		{043CB308-2D9C-4493-9B39-84B0200CA0A4}.Release|Any CPU.Build.0 = Release|Any CPU
		{502DB099-7E44-44D6-85D7-74EE044AFB99}.Debug|Any CPU.ActiveCfg = Debug|Any CPU
		{502DB099-7E44-44D6-85D7-74EE044AFB99}.Debug|Any CPU.Build.0 = Debug|Any CPU
		{502DB099-7E44-44D6-85D7-74EE044AFB99}.Release|Any CPU.ActiveCfg = Release|Any CPU
		{502DB099-7E44-44D6-85D7-74EE044AFB99}.Release|Any CPU.Build.0 = Release|Any CPU
	EndGlobalSection
	GlobalSection(NestedProjects) = preSolution
		{BDED44FF-33C3-4024-9473-4D484AA8CA41} = {48D2FB9E-3687-4CF5-860F-6D8EE1F75094}
		{D0A00E5C-39E8-49B3-A5B3-F82F004768E9} = {48D2FB9E-3687-4CF5-860F-6D8EE1F75094}
		{B4ABC631-F799-46C3-B378-28E657424F62} = {48D2FB9E-3687-4CF5-860F-6D8EE1F75094}
		{C04674D2-FEB8-4292-B41B-2DB685F76328} = {48D2FB9E-3687-4CF5-860F-6D8EE1F75094}
		{043CB308-2D9C-4493-9B39-84B0200CA0A4} = {44DEC24E-8F2D-4F48-8AAF-FB8713D777B5}
		{502DB099-7E44-44D6-85D7-74EE044AFB99} = {44DEC24E-8F2D-4F48-8AAF-FB8713D777B5}
	EndGlobalSection
EndGlobal
