
Microsoft Visual Studio Solution File, Format Version 12.00
# Visual Studio Version 17
VisualStudioVersion = 17.0.31903.59
MinimumVisualStudioVersion = 10.0.40219.1
Project("{2150E333-8FDC-42A3-9474-1A3956D46DE8}") = "src", "src", "{5B1B7BB9-DAC6-45D7-9FCE-7ED9D439A15F}"
EndProject
Project("{FAE04EC0-301F-11D3-BF4B-00C04F79EFBC}") = "Fastcrc", "src\Fastcrc\Fastcrc.csproj", "{7976F9AD-DDCD-4AD3-87C1-FEF07A76AC1E}"
EndProject
Project("{2150E333-8FDC-42A3-9474-1A3956D46DE8}") = "tests", "tests", "{BE377B44-3138-4829-9358-67439B49A6DB}"
EndProject
Project("{FAE04EC0-301F-11D3-BF4B-00C04F79EFBC}") = "Fastcrc.Tests", "tests\Fastcrc.Tests\Fastcrc.Tests.csproj", "{4E057B31-DAD9-423C-B7F5-2819D2D119FD}"
EndProject
Global
	GlobalSection(SolutionConfigurationPlatforms) = preSolution
		Debug|Any CPU = Debug|Any CPU
		Release|Any CPU = Release|Any CPU
	EndGlobalSection
	GlobalSection(SolutionProperties) = preSolution
		HideSolutionNode = FALSE
	EndGlobalSection
	GlobalSection(ProjectConfigurationPlatforms) = postSolution
		{7976F9AD-DDCD-4AD3-87C1-FEF07A76AC1E}.Debug|Any CPU.ActiveCfg = Debug|Any CPU
		{7976F9AD-DDCD-4AD3-87C1-FEF07A76AC1E}.Debug|Any CPU.Build.0 = Debug|Any CPU
		{7976F9AD-DDCD-4AD3-87C1-FEF07A76AC1E}.Release|Any CPU.ActiveCfg = Release|Any CPU
		{7976F9AD-DDCD-4AD3-87C1-FEF07A76AC1E}.Release|Any CPU.Build.0 = Release|Any CPU
		{4E057B31-DAD9-423C-B7F5-2819D2D119FD}.Debug|Any CPU.ActiveCfg = Debug|Any CPU
		{4E057B31-DAD9-423C-B7F5-2819D2D119FD}.Debug|Any CPU.Build.0 = Debug|Any CPU
		{4E057B31-DAD9-423C-B7F5-2819D2D119FD}.Release|Any CPU.ActiveCfg = Release|Any CPU
		{4E057B31-DAD9-423C-B7F5-2819D2D119FD}.Release|Any CPU.Build.0 = Release|Any CPU
	EndGlobalSection
	GlobalSection(NestedProjects) = preSolution
		{7976F9AD-DDCD-4AD3-87C1-FEF07A76AC1E} = {5B1B7BB9-DAC6-45D7-9FCE-7ED9D439A15F}
		{4E057B31-DAD9-423C-B7F5-2819D2D119FD} = {BE377B44-3138-4829-9358-67439B49A6DB}
	EndGlobalSection
EndGlobal
