
Microsoft Visual Studio Solution File, Format Version 12.00
# Visual Studio Version 17
VisualStudioVersion = 17.0.31903.59
MinimumVisualStudioVersion = 10.0.40219.1
Project("{2150E333-8FDC-42A3-9474-1A3956D46DE8}") = "src", "src", "{65707DE4-CF1D-4E70-A15E-D56618FA23A9}"
EndProject
Project("{FAE04EC0-301F-11D3-BF4B-00C04F79EFBC}") = "Huffcode", "src\Huffcode\Huffcode.csproj", "{E4DB4A5B-2205-465D-A313-85E60A79CEA4}"
EndProject
Project("{2150E333-8FDC-42A3-9474-1A3956D46DE8}") = "tests", "tests", "{0641BBF7-23A0-4B15-83F9-9D9B3FE53F9B}"
EndProject
Project("{FAE04EC0-301F-11D3-BF4B-00C04F79EFBC}") = "Huffcode.Tests", "tests\Huffcode.Tests\Huffcode.Tests.csproj", "{BCFD0A27-F6A6-4E2E-99DD-AD0AE0C591EE}"
EndProject
Global
	GlobalSection(SolutionConfigurationPlatforms) = preSolution
		Debug|Any CPU = Debug|Any CPU
		Release|Any CPU = Release|Any CPU
	EndGlobalSection
	GlobalSection(SolutionProperties) = preSolution
		HideSolutionNode = FALSE
	EndGlobalSection
	GlobalSection(ProjectConfigurationPlatforms) = postSolution
		{E4DB4A5B-2205-465D-A313-85E60A79CEA4}.Debug|Any CPU.ActiveCfg = Debug|Any CPU
		{E4DB4A5B-2205-465D-A313-85E60A79CEA4}.Debug|Any CPU.Build.0 = Debug|Any CPU
		{E4DB4A5B-2205-465D-A313-85E60A79CEA4}.Release|Any CPU.ActiveCfg = Release|Any CPU
		{E4DB4A5B-2205-465D-A313-85E60A79CEA4}.Release|Any CPU.Build.0 = Release|Any CPU
		{BCFD0A27-F6A6-4E2E-99DD-AD0AE0C591EE}.Debug|Any CPU.ActiveCfg = Debug|Any CPU
		{BCFD0A27-F6A6-4E2E-99DD-AD0AE0C591EE}.Debug|Any CPU.Build.0 = Debug|Any CPU
		{BCFD0A27-F6A6-4E2E-99DD-AD0AE0C591EE}.Release|Any CPU.ActiveCfg = Release|Any CPU
		{BCFD0A27-F6A6-4E2E-99DD-AD0AE0C591EE}.Release|Any CPU.Build.0 = Release|Any CPU
	EndGlobalSection
	GlobalSection(NestedProjects) = preSolution
		{E4DB4A5B-2205-465D-A313-85E60A79CEA4} = {65707DE4-CF1D-4E70-A15E-D56618FA23A9}
		{BCFD0A27-F6A6-4E2E-99DD-AD0AE0C591EE} = {0641BBF7-23A0-4B15-83F9-9D9B3FE53F9B}
	EndGlobalSection
EndGlobal
